
Microsoft Visual Studio Solution File, Format Version 12.00
# Visual Studio Version 17
VisualStudioVersion = 17.4.33122.133
MinimumVisualStudioVersion = 10.0.40219.1
Project("{2150E333-8FDC-42A3-9474-1A3956D46DE8}") = "Solution Items", "Solution Items", "{510ADF6B-A34A-4D81-B410-EE7E63DCF5A0}"
	ProjectSection(SolutionItems) = preProject
		.editorconfig = .editorconfig
		README.md = README.md
	EndProjectSection
EndProject
Project("{2150E333-8FDC-42A3-9474-1A3956D46DE8}") = "src", "src", "{CDEA2023-21F0-492C-86CC-C0C92394D3B5}"
EndProject
Project("{FAE04EC0-301F-11D3-BF4B-00C04F79EFBC}") = "Domain", "src\Domain\Domain.csproj", "{45D8C7E9-11F9-4B94-B48A-39546E95FF11}"
EndProject
Project("{FAE04EC0-301F-11D3-BF4B-00C04F79EFBC}") = "Infrastructure", "src\Infrastructure\Infrastructure.csproj", "{F86FB2A4-8F36-479B-A9AC-1C945D670FD9}"
EndProject
Project("{FAE04EC0-301F-11D3-BF4B-00C04F79EFBC}") = "Application", "src\Application\Application.csproj", "{16706C5A-3EEB-49D3-B191-0EFA158FE0A4}"
EndProject
Project("{FAE04EC0-301F-11D3-BF4B-00C04F79EFBC}") = "Persistence", "src\Persistence\Persistence.csproj", "{3A372E53-8923-4E71-8272-BB4D04FA148F}"
EndProject
Project("{FAE04EC0-301F-11D3-BF4B-00C04F79EFBC}") = "Presentation", "src\Presentation\Presentation.csproj", "{4297DAB9-3A6C-4AA8-8732-82AD96859F3A}"
EndProject
Global
	GlobalSection(SolutionConfigurationPlatforms) = preSolution
		Debug|Any CPU = Debug|Any CPU
		Release|Any CPU = Release|Any CPU
	EndGlobalSection
	GlobalSection(ProjectConfigurationPlatforms) = postSolution
		{45D8C7E9-11F9-4B94-B48A-39546E95FF11}.Debug|Any CPU.ActiveCfg = Debug|Any CPU
		{45D8C7E9-11F9-4B94-B48A-39546E95FF11}.Debug|Any CPU.Build.0 = Debug|Any CPU
		{45D8C7E9-11F9-4B94-B48A-39546E95FF11}.Release|Any CPU.ActiveCfg = Release|Any CPU
		{45D8C7E9-11F9-4B94-B48A-39546E95FF11}.Release|Any CPU.Build.0 = Release|Any CPU
		{F86FB2A4-8F36-479B-A9AC-1C945D670FD9}.Debug|Any CPU.ActiveCfg = Debug|Any CPU
		{F86FB2A4-8F36-479B-A9AC-1C945D670FD9}.Debug|Any CPU.Build.0 = Debug|Any CPU
		{F86FB2A4-8F36-479B-A9AC-1C945D670FD9}.Release|Any CPU.ActiveCfg = Release|Any CPU
		{F86FB2A4-8F36-479B-A9AC-1C945D670FD9}.Release|Any CPU.Build.0 = Release|Any CPU
		{16706C5A-3EEB-49D3-B191-0EFA158FE0A4}.Debug|Any CPU.ActiveCfg = Debug|Any CPU
		{16706C5A-3EEB-49D3-B191-0EFA158FE0A4}.Debug|Any CPU.Build.0 = Debug|Any CPU
		{16706C5A-3EEB-49D3-B191-0EFA158FE0A4}.Release|Any CPU.ActiveCfg = Release|Any CPU
		{16706C5A-3EEB-49D3-B191-0EFA158FE0A4}.Release|Any CPU.Build.0 = Release|Any CPU
		{3A372E53-8923-4E71-8272-BB4D04FA148F}.Debug|Any CPU.ActiveCfg = Debug|Any CPU
		{3A372E53-8923-4E71-8272-BB4D04FA148F}.Debug|Any CPU.Build.0 = Debug|Any CPU
		{3A372E53-8923-4E71-8272-BB4D04FA148F}.Release|Any CPU.ActiveCfg = Release|Any CPU
		{3A372E53-8923-4E71-8272-BB4D04FA148F}.Release|Any CPU.Build.0 = Release|Any CPU
		{4297DAB9-3A6C-4AA8-8732-82AD96859F3A}.Debug|Any CPU.ActiveCfg = Debug|Any CPU
		{4297DAB9-3A6C-4AA8-8732-82AD96859F3A}.Debug|Any CPU.Build.0 = Debug|Any CPU
		{4297DAB9-3A6C-4AA8-8732-82AD96859F3A}.Release|Any CPU.ActiveCfg = Release|Any CPU
		{4297DAB9-3A6C-4AA8-8732-82AD96859F3A}.Release|Any CPU.Build.0 = Release|Any CPU
	EndGlobalSection
	GlobalSection(SolutionProperties) = preSolution
		HideSolutionNode = FALSE
	EndGlobalSection
	GlobalSection(NestedProjects) = preSolution
		{45D8C7E9-11F9-4B94-B48A-39546E95FF11} = {CDEA2023-21F0-492C-86CC-C0C92394D3B5}
		{F86FB2A4-8F36-479B-A9AC-1C945D670FD9} = {CDEA2023-21F0-492C-86CC-C0C92394D3B5}
		{16706C5A-3EEB-49D3-B191-0EFA158FE0A4} = {CDEA2023-21F0-492C-86CC-C0C92394D3B5}
		{3A372E53-8923-4E71-8272-BB4D04FA148F} = {CDEA2023-21F0-492C-86CC-C0C92394D3B5}
		{4297DAB9-3A6C-4AA8-8732-82AD96859F3A} = {CDEA2023-21F0-492C-86CC-C0C92394D3B5}
	EndGlobalSection
	GlobalSection(ExtensibilityGlobals) = postSolution
		SolutionGuid = {0DC4AFF7-F2D0-458A-A600-4394E9234DA4}
	EndGlobalSection
EndGlobal
